{
  "name": "suap_extension",
  "lockfileVersion": 3,
  "requires": true,
  "packages": {
    "": {
      "devDependencies": {
        "chrome-types": "^0.1.179"
      }
    },
    "node_modules/chrome-types": {
      "version": "0.1.179",
      "resolved": "https://registry.npmjs.org/chrome-types/-/chrome-types-0.1.179.tgz",
      "integrity": "sha512-YVNeRNZEVfD5JYrbZW+4OqkkHGR9yUE/W7cuwd6ZcYUZnNgO/FnESeG3soKRy2n+un5z5rARxsks/YGzoY0rig==",
      "dev": true
    }
  }
}
